
Microsoft Visual Studio Solution File, Format Version 12.00
# Visual Studio Version 16
VisualStudioVersion = 16.0.30225.117
MinimumVisualStudioVersion = 10.0.40219.1
Project("{FAE04EC0-301F-11D3-BF4B-00C04F79EFBC}") = "PresentationLayer", "PresentationLayer\PresentationLayer.csproj", "{68458A25-0539-433B-9C91-7FCCF6850FD0}"
EndProject
Project("{FAE04EC0-301F-11D3-BF4B-00C04F79EFBC}") = "BusinessLayer", "BusinessLayer\BusinessLayer.csproj", "{9FA78216-299B-48DA-9254-E8D54A388417}"
EndProject
Project("{FAE04EC0-301F-11D3-BF4B-00C04F79EFBC}") = "DAL", "DAL\DAL.csproj", "{A32D9814-63C1-4FEB-B768-7C35739A6788}"
EndProject
Global
	GlobalSection(SolutionConfigurationPlatforms) = preSolution
		Debug|Any CPU = Debug|Any CPU
		Release|Any CPU = Release|Any CPU
	EndGlobalSection
	GlobalSection(ProjectConfigurationPlatforms) = postSolution
		{68458A25-0539-433B-9C91-7FCCF6850FD0}.Debug|Any CPU.ActiveCfg = Debug|Any CPU
		{68458A25-0539-433B-9C91-7FCCF6850FD0}.Debug|Any CPU.Build.0 = Debug|Any CPU
		{68458A25-0539-433B-9C91-7FCCF6850FD0}.Release|Any CPU.ActiveCfg = Release|Any CPU
		{68458A25-0539-433B-9C91-7FCCF6850FD0}.Release|Any CPU.Build.0 = Release|Any CPU
		{9FA78216-299B-48DA-9254-E8D54A388417}.Debug|Any CPU.ActiveCfg = Debug|Any CPU
		{9FA78216-299B-48DA-9254-E8D54A388417}.Debug|Any CPU.Build.0 = Debug|Any CPU
		{9FA78216-299B-48DA-9254-E8D54A388417}.Release|Any CPU.ActiveCfg = Release|Any CPU
		{9FA78216-299B-48DA-9254-E8D54A388417}.Release|Any CPU.Build.0 = Release|Any CPU
		{A32D9814-63C1-4FEB-B768-7C35739A6788}.Debug|Any CPU.ActiveCfg = Debug|Any CPU
		{A32D9814-63C1-4FEB-B768-7C35739A6788}.Debug|Any CPU.Build.0 = Debug|Any CPU
		{A32D9814-63C1-4FEB-B768-7C35739A6788}.Release|Any CPU.ActiveCfg = Release|Any CPU
		{A32D9814-63C1-4FEB-B768-7C35739A6788}.Release|Any CPU.Build.0 = Release|Any CPU
	EndGlobalSection
	GlobalSection(SolutionProperties) = preSolution
		HideSolutionNode = FALSE
	EndGlobalSection
	GlobalSection(ExtensibilityGlobals) = postSolution
		SolutionGuid = {76C94299-73C8-4ACE-8A9D-F5110B981829}
	EndGlobalSection
EndGlobal
